PODS:
  - Flutter (1.0.0)
  - flutter_netcore_smartech (0.0.1):
    - Flutter
    - Smartech-iOS-SDK
  - Smartech-iOS-SDK (3.1.0)

DEPENDENCIES:
  - Flutter (from `Flutter`)
  - flutter_netcore_smartech (from `.symlinks/plugins/flutter_netcore_smartech/ios`)

SPEC REPOS:
  trunk:
    - Smartech-iOS-SDK

EXTERNAL SOURCES:
  Flutter:
    :path: Flutter
  flutter_netcore_smartech:
    :path: ".symlinks/plugins/flutter_netcore_smartech/ios"

SPEC CHECKSUMS:
  Flutter: 0e3d915762c693b495b44d77113d4970485de6ec
  flutter_netcore_smartech: aaefd501f9aca7865e4ca7684d945500d4ef361a
  Smartech-iOS-SDK: ffe32a3270fd54cd0dab954554952e0c7ff4c6e0

PODFILE CHECKSUM: a5ead389ae8478b2f010fbadad4f103eae9ff09f

COCOAPODS: 1.10.1
